
Microsoft Visual Studio Solution File, Format Version 12.00
# Visual Studio Version 16
VisualStudioVersion = 16.0.810.5
MinimumVisualStudioVersion = 10.0.40219.1
Project("{FAE04EC0-301F-11D3-BF4B-00C04F79EFBC}") = "debugging", "debugging\debugging.csproj", "{CBC41E25-D607-45A9-9840-B8F04DB845CF}"
EndProject
Global
	GlobalSection(SolutionConfigurationPlatforms) = preSolution
		Debug|Any CPU = Debug|Any CPU
		Release|Any CPU = Release|Any CPU
	EndGlobalSection
	GlobalSection(ProjectConfigurationPlatforms) = postSolution
		{CBC41E25-D607-45A9-9840-B8F04DB845CF}.Debug|Any CPU.ActiveCfg = Debug|Any CPU
		{CBC41E25-D607-45A9-9840-B8F04DB845CF}.Debug|Any CPU.Build.0 = Debug|Any CPU
		{CBC41E25-D607-45A9-9840-B8F04DB845CF}.Release|Any CPU.ActiveCfg = Release|Any CPU
		{CBC41E25-D607-45A9-9840-B8F04DB845CF}.Release|Any CPU.Build.0 = Release|Any CPU
	EndGlobalSection
	GlobalSection(SolutionProperties) = preSolution
		HideSolutionNode = FALSE
	EndGlobalSection
	GlobalSection(ExtensibilityGlobals) = postSolution
		SolutionGuid = {FB84A504-04C0-4CD0-B0D5-16F944D8826C}
	EndGlobalSection
EndGlobal
